
Microsoft Visual Studio Solution File, Format Version 12.00
# Visual Studio Version 17
VisualStudioVersion = 17.8.34316.72
MinimumVisualStudioVersion = 10.0.40219.1
Project("{FAE04EC0-301F-11D3-BF4B-00C04F79EFBC}") = "CapaPresentacion", "CapaPresentacion\CapaPresentacion.csproj", "{EA287D7E-8172-4CF6-8E8B-F23FBA1204E8}"
EndProject
Project("{FAE04EC0-301F-11D3-BF4B-00C04F79EFBC}") = "CapaEntidad", "CapaEntidad\CapaEntidad.csproj", "{9948136C-D9CF-427B-8063-C2DD5B806B7D}"
EndProject
Project("{FAE04EC0-301F-11D3-BF4B-00C04F79EFBC}") = "CapaNegocio", "CapaNegocio\CapaNegocio.csproj", "{FEAD22F2-EB29-48A4-A4FC-BB2CA1E7C391}"
EndProject
Project("{FAE04EC0-301F-11D3-BF4B-00C04F79EFBC}") = "CapaDatos", "CapaDatos\CapaDatos.csproj", "{0C627A49-A384-4A8D-9163-E6BBC95C1572}"
EndProject
Global
	GlobalSection(SolutionConfigurationPlatforms) = preSolution
		Debug|Any CPU = Debug|Any CPU
		Release|Any CPU = Release|Any CPU
	EndGlobalSection
	GlobalSection(ProjectConfigurationPlatforms) = postSolution
		{EA287D7E-8172-4CF6-8E8B-F23FBA1204E8}.Debug|Any CPU.ActiveCfg = Debug|Any CPU
		{EA287D7E-8172-4CF6-8E8B-F23FBA1204E8}.Debug|Any CPU.Build.0 = Debug|Any CPU
		{EA287D7E-8172-4CF6-8E8B-F23FBA1204E8}.Release|Any CPU.ActiveCfg = Release|Any CPU
		{EA287D7E-8172-4CF6-8E8B-F23FBA1204E8}.Release|Any CPU.Build.0 = Release|Any CPU
		{9948136C-D9CF-427B-8063-C2DD5B806B7D}.Debug|Any CPU.ActiveCfg = Debug|Any CPU
		{9948136C-D9CF-427B-8063-C2DD5B806B7D}.Debug|Any CPU.Build.0 = Debug|Any CPU
		{9948136C-D9CF-427B-8063-C2DD5B806B7D}.Release|Any CPU.ActiveCfg = Release|Any CPU
		{9948136C-D9CF-427B-8063-C2DD5B806B7D}.Release|Any CPU.Build.0 = Release|Any CPU
		{FEAD22F2-EB29-48A4-A4FC-BB2CA1E7C391}.Debug|Any CPU.ActiveCfg = Debug|Any CPU
		{FEAD22F2-EB29-48A4-A4FC-BB2CA1E7C391}.Debug|Any CPU.Build.0 = Debug|Any CPU
		{FEAD22F2-EB29-48A4-A4FC-BB2CA1E7C391}.Release|Any CPU.ActiveCfg = Release|Any CPU
		{FEAD22F2-EB29-48A4-A4FC-BB2CA1E7C391}.Release|Any CPU.Build.0 = Release|Any CPU
		{0C627A49-A384-4A8D-9163-E6BBC95C1572}.Debug|Any CPU.ActiveCfg = Debug|Any CPU
		{0C627A49-A384-4A8D-9163-E6BBC95C1572}.Debug|Any CPU.Build.0 = Debug|Any CPU
		{0C627A49-A384-4A8D-9163-E6BBC95C1572}.Release|Any CPU.ActiveCfg = Release|Any CPU
		{0C627A49-A384-4A8D-9163-E6BBC95C1572}.Release|Any CPU.Build.0 = Release|Any CPU
	EndGlobalSection
	GlobalSection(SolutionProperties) = preSolution
		HideSolutionNode = FALSE
	EndGlobalSection
	GlobalSection(ExtensibilityGlobals) = postSolution
		SolutionGuid = {8D25A19B-5929-4B6F-8066-39D9CC5E02E1}
	EndGlobalSection
EndGlobal
